
Microsoft Visual Studio Solution File, Format Version 12.00
# Visual Studio 2012
Project("{FAE04EC0-301F-11D3-BF4B-00C04F79EFBC}") = "ProtoPasteCube.CSharp", "ProtoPasteCube.CSharp.csproj", "{8A8FFE90-640D-C601-EFC3-3867AD23FE3F}"
EndProject
Project("{FAE04EC0-301F-11D3-BF4B-00C04F79EFBC}") = "ProtoPasteCube.CSharp.Editor", "ProtoPasteCube.CSharp.Editor.csproj", "{39C99FD5-1AB2-C531-E5B4-5DF0CA89E22B}"
EndProject
Global
	GlobalSection(SolutionConfigurationPlatforms) = preSolution
		Debug|Any CPU = Debug|Any CPU
		Release|Any CPU = Release|Any CPU
	EndGlobalSection
	GlobalSection(ProjectConfigurationPlatforms) = postSolution
		{8A8FFE90-640D-C601-EFC3-3867AD23FE3F}.Debug|Any CPU.ActiveCfg = Debug|Any CPU
		{8A8FFE90-640D-C601-EFC3-3867AD23FE3F}.Debug|Any CPU.Build.0 = Debug|Any CPU
		{8A8FFE90-640D-C601-EFC3-3867AD23FE3F}.Release|Any CPU.ActiveCfg = Release|Any CPU
		{8A8FFE90-640D-C601-EFC3-3867AD23FE3F}.Release|Any CPU.Build.0 = Release|Any CPU
		{39C99FD5-1AB2-C531-E5B4-5DF0CA89E22B}.Debug|Any CPU.ActiveCfg = Debug|Any CPU
		{39C99FD5-1AB2-C531-E5B4-5DF0CA89E22B}.Debug|Any CPU.Build.0 = Debug|Any CPU
		{39C99FD5-1AB2-C531-E5B4-5DF0CA89E22B}.Release|Any CPU.ActiveCfg = Release|Any CPU
		{39C99FD5-1AB2-C531-E5B4-5DF0CA89E22B}.Release|Any CPU.Build.0 = Release|Any CPU
	EndGlobalSection
	GlobalSection(SolutionProperties) = preSolution
		HideSolutionNode = FALSE
	EndGlobalSection
EndGlobal
